
Microsoft Visual Studio Solution File, Format Version 12.00
Project("{2150E333-8FDC-42A3-9474-1A3956D46DE8}") = "src", "src", "{E27FCB77-E5B1-4C53-88C5-CBDA0A5145A0}"
EndProject
Project("{2150E333-8FDC-42A3-9474-1A3956D46DE8}") = "tests", "tests", "{87D1CE10-9D69-48FB-A8A0-A78AB3D42936}"
EndProject
Project("{2150E333-8FDC-42A3-9474-1A3956D46DE8}") = "1 - presentation", "1 - presentation", "{E95641E7-DE9A-4A5A-B6C5-C728682DEB03}"
EndProject
Project("{2150E333-8FDC-42A3-9474-1A3956D46DE8}") = "2 - application", "2 - application", "{70407518-E76F-4FE4-9E3A-AB2DA33ED42B}"
EndProject
Project("{2150E333-8FDC-42A3-9474-1A3956D46DE8}") = "3 - infrastructure", "3 - infrastructure", "{105C0594-D218-4F4B-8CA7-28C36D32251A}"
EndProject
Project("{2150E333-8FDC-42A3-9474-1A3956D46DE8}") = "core", "core", "{77A114BD-2BB1-4ABB-BF03-3DA2ED26DBF5}"
EndProject
Project("{FAE04EC0-301F-11D3-BF4B-00C04F79EFBC}") = "svc-mut-teams-apis", "svc-mut-teams-apis\svc-mut-teams-apis.csproj", "{D2E78836-78A8-42C0-BE6C-E2E399C492F6}"
EndProject
Project("{FAE04EC0-301F-11D3-BF4B-00C04F79EFBC}") = "svc-mut-teams-application", "svc-mut-teams-application\svc-mut-teams-application.csproj", "{8890C29A-5976-4AF4-99E6-452779B77C4E}"
EndProject
Project("{2150E333-8FDC-42A3-9474-1A3956D46DE8}") = "shared", "shared", "{FE3472E6-3F50-49A7-BB60-AA9604BDA372}"
EndProject
Project("{FAE04EC0-301F-11D3-BF4B-00C04F79EFBC}") = "lib-fw-modulez", "..\lib-fw-all\lib-fw-modulez\lib-fw-modulez.csproj", "{A7DFC084-180D-4A2B-ABB4-62A9783C7ACC}"
EndProject
Project("{FAE04EC0-301F-11D3-BF4B-00C04F79EFBC}") = "svc-mut-teams-host", "svc-mut-teams-host\svc-mut-teams-host.csproj", "{6DFCEFB3-B375-45FA-A318-E8E055BA4A59}"
EndProject
Global
	GlobalSection(SolutionConfigurationPlatforms) = preSolution
		Debug|Any CPU = Debug|Any CPU
		Release|Any CPU = Release|Any CPU
	EndGlobalSection
	GlobalSection(NestedProjects) = preSolution
		{E95641E7-DE9A-4A5A-B6C5-C728682DEB03} = {E27FCB77-E5B1-4C53-88C5-CBDA0A5145A0}
		{70407518-E76F-4FE4-9E3A-AB2DA33ED42B} = {E27FCB77-E5B1-4C53-88C5-CBDA0A5145A0}
		{105C0594-D218-4F4B-8CA7-28C36D32251A} = {E27FCB77-E5B1-4C53-88C5-CBDA0A5145A0}
		{77A114BD-2BB1-4ABB-BF03-3DA2ED26DBF5} = {E27FCB77-E5B1-4C53-88C5-CBDA0A5145A0}
		{D2E78836-78A8-42C0-BE6C-E2E399C492F6} = {E95641E7-DE9A-4A5A-B6C5-C728682DEB03}
		{8890C29A-5976-4AF4-99E6-452779B77C4E} = {70407518-E76F-4FE4-9E3A-AB2DA33ED42B}
		{FE3472E6-3F50-49A7-BB60-AA9604BDA372} = {E27FCB77-E5B1-4C53-88C5-CBDA0A5145A0}
		{A7DFC084-180D-4A2B-ABB4-62A9783C7ACC} = {FE3472E6-3F50-49A7-BB60-AA9604BDA372}
		{6DFCEFB3-B375-45FA-A318-E8E055BA4A59} = {E27FCB77-E5B1-4C53-88C5-CBDA0A5145A0}
	EndGlobalSection
	GlobalSection(ProjectConfigurationPlatforms) = postSolution
		{D2E78836-78A8-42C0-BE6C-E2E399C492F6}.Debug|Any CPU.ActiveCfg = Debug|Any CPU
		{D2E78836-78A8-42C0-BE6C-E2E399C492F6}.Debug|Any CPU.Build.0 = Debug|Any CPU
		{D2E78836-78A8-42C0-BE6C-E2E399C492F6}.Release|Any CPU.ActiveCfg = Release|Any CPU
		{D2E78836-78A8-42C0-BE6C-E2E399C492F6}.Release|Any CPU.Build.0 = Release|Any CPU
		{8890C29A-5976-4AF4-99E6-452779B77C4E}.Debug|Any CPU.ActiveCfg = Debug|Any CPU
		{8890C29A-5976-4AF4-99E6-452779B77C4E}.Debug|Any CPU.Build.0 = Debug|Any CPU
		{8890C29A-5976-4AF4-99E6-452779B77C4E}.Release|Any CPU.ActiveCfg = Release|Any CPU
		{8890C29A-5976-4AF4-99E6-452779B77C4E}.Release|Any CPU.Build.0 = Release|Any CPU
		{A7DFC084-180D-4A2B-ABB4-62A9783C7ACC}.Debug|Any CPU.ActiveCfg = Debug|Any CPU
		{A7DFC084-180D-4A2B-ABB4-62A9783C7ACC}.Debug|Any CPU.Build.0 = Debug|Any CPU
		{A7DFC084-180D-4A2B-ABB4-62A9783C7ACC}.Release|Any CPU.ActiveCfg = Release|Any CPU
		{A7DFC084-180D-4A2B-ABB4-62A9783C7ACC}.Release|Any CPU.Build.0 = Release|Any CPU
		{6DFCEFB3-B375-45FA-A318-E8E055BA4A59}.Debug|Any CPU.ActiveCfg = Debug|Any CPU
		{6DFCEFB3-B375-45FA-A318-E8E055BA4A59}.Debug|Any CPU.Build.0 = Debug|Any CPU
		{6DFCEFB3-B375-45FA-A318-E8E055BA4A59}.Release|Any CPU.ActiveCfg = Release|Any CPU
		{6DFCEFB3-B375-45FA-A318-E8E055BA4A59}.Release|Any CPU.Build.0 = Release|Any CPU
	EndGlobalSection
EndGlobal
