
Microsoft Visual Studio Solution File, Format Version 12.00
Project("{2150E333-8FDC-42A3-9474-1A3956D46DE8}") = "src", "src", "{E27FCB77-E5B1-4C53-88C5-CBDA0A5145A0}"
EndProject
Project("{2150E333-8FDC-42A3-9474-1A3956D46DE8}") = "tests", "tests", "{87D1CE10-9D69-48FB-A8A0-A78AB3D42936}"
EndProject
Project("{2150E333-8FDC-42A3-9474-1A3956D46DE8}") = "1 - presentation", "1 - presentation", "{E95641E7-DE9A-4A5A-B6C5-C728682DEB03}"
EndProject
Project("{2150E333-8FDC-42A3-9474-1A3956D46DE8}") = "2 - application", "2 - application", "{70407518-E76F-4FE4-9E3A-AB2DA33ED42B}"
EndProject
Project("{2150E333-8FDC-42A3-9474-1A3956D46DE8}") = "3 - infrastructure", "3 - infrastructure", "{105C0594-D218-4F4B-8CA7-28C36D32251A}"
EndProject
Project("{2150E333-8FDC-42A3-9474-1A3956D46DE8}") = "core", "core", "{77A114BD-2BB1-4ABB-BF03-3DA2ED26DBF5}"
EndProject
Project("{FAE04EC0-301F-11D3-BF4B-00C04F79EFBC}") = "svc-mut-teams-apis", "svc-mut-teams-apis\svc-mut-teams-apis.csproj", "{D2E78836-78A8-42C0-BE6C-E2E399C492F6}"
EndProject
Project("{FAE04EC0-301F-11D3-BF4B-00C04F79EFBC}") = "svc-mut-teams-application", "svc-mut-teams-application\svc-mut-teams-application.csproj", "{8890C29A-5976-4AF4-99E6-452779B77C4E}"
EndProject
Project("{2150E333-8FDC-42A3-9474-1A3956D46DE8}") = "shared", "shared", "{FE3472E6-3F50-49A7-BB60-AA9604BDA372}"
EndProject
Project("{FAE04EC0-301F-11D3-BF4B-00C04F79EFBC}") = "lib-fw-modulez", "..\lib-fw-all\lib-fw-modulez\lib-fw-modulez.csproj", "{A7DFC084-180D-4A2B-ABB4-62A9783C7ACC}"
EndProject
Project("{FAE04EC0-301F-11D3-BF4B-00C04F79EFBC}") = "svc-mut-teams-host", "svc-mut-teams-host\svc-mut-teams-host.csproj", "{6DFCEFB3-B375-45FA-A318-E8E055BA4A59}"
EndProject
Project("{FAE04EC0-301F-11D3-BF4B-00C04F79EFBC}") = "svc-mut-teams-domain", "svc-mut-teams-domain\svc-mut-teams-domain.csproj", "{4BA1097B-8E10-4A90-9E10-AA624EDCF522}"
EndProject
Project("{FAE04EC0-301F-11D3-BF4B-00C04F79EFBC}") = "svc-mut-teams-infrastructure", "svc-mut-teams-infrastructure\svc-mut-teams-infrastructure.csproj", "{F28F944B-6B7D-440E-A9E1-665C999D395E}"
EndProject
Project("{FAE04EC0-301F-11D3-BF4B-00C04F79EFBC}") = "lib-domain-team-entities", "..\lib-domain-all\lib-domain-team-entities\lib-domain-team-entities.csproj", "{E6188CEB-7347-4DEA-A15F-F1375A9159E4}"
EndProject
Project("{FAE04EC0-301F-11D3-BF4B-00C04F79EFBC}") = "svc-mut-teams-unit-tests", "svc-mut-teams-unit-tests\svc-mut-teams-unit-tests.csproj", "{96F52A08-7B50-41BB-A042-0FBD73767A4B}"
EndProject
Project("{FAE04EC0-301F-11D3-BF4B-00C04F79EFBC}") = "lib-fw-app-essentials", "..\lib-fw-all\lib-fw-app-essentials\lib-fw-app-essentials.csproj", "{EA65AF12-6207-4D05-81DC-3260F17A9905}"
EndProject
Project("{2150E333-8FDC-42A3-9474-1A3956D46DE8}") = "unit-tests", "unit-tests", "{9A72D386-1A24-416F-BF0F-630C636323C0}"
EndProject
Project("{FAE04EC0-301F-11D3-BF4B-00C04F79EFBC}") = "lib-fw-test-essentials", "..\lib-fw-all\lib-fw-test-essentials\lib-fw-test-essentials.csproj", "{7FC27496-63FA-466A-9208-E9C84CA115B1}"
EndProject
Project("{FAE04EC0-301F-11D3-BF4B-00C04F79EFBC}") = "lib-fw-api-essentials", "..\lib-fw-all\lib-fw-api-essentials\lib-fw-api-essentials.csproj", "{4C339F5A-3AF6-4014-8B67-71738CBBF855}"
EndProject
Global
	GlobalSection(SolutionConfigurationPlatforms) = preSolution
		Debug|Any CPU = Debug|Any CPU
		Release|Any CPU = Release|Any CPU
	EndGlobalSection
	GlobalSection(NestedProjects) = preSolution
		{E95641E7-DE9A-4A5A-B6C5-C728682DEB03} = {E27FCB77-E5B1-4C53-88C5-CBDA0A5145A0}
		{70407518-E76F-4FE4-9E3A-AB2DA33ED42B} = {E27FCB77-E5B1-4C53-88C5-CBDA0A5145A0}
		{105C0594-D218-4F4B-8CA7-28C36D32251A} = {E27FCB77-E5B1-4C53-88C5-CBDA0A5145A0}
		{77A114BD-2BB1-4ABB-BF03-3DA2ED26DBF5} = {E27FCB77-E5B1-4C53-88C5-CBDA0A5145A0}
		{D2E78836-78A8-42C0-BE6C-E2E399C492F6} = {E95641E7-DE9A-4A5A-B6C5-C728682DEB03}
		{8890C29A-5976-4AF4-99E6-452779B77C4E} = {70407518-E76F-4FE4-9E3A-AB2DA33ED42B}
		{FE3472E6-3F50-49A7-BB60-AA9604BDA372} = {E27FCB77-E5B1-4C53-88C5-CBDA0A5145A0}
		{A7DFC084-180D-4A2B-ABB4-62A9783C7ACC} = {FE3472E6-3F50-49A7-BB60-AA9604BDA372}
		{6DFCEFB3-B375-45FA-A318-E8E055BA4A59} = {E27FCB77-E5B1-4C53-88C5-CBDA0A5145A0}
		{4BA1097B-8E10-4A90-9E10-AA624EDCF522} = {77A114BD-2BB1-4ABB-BF03-3DA2ED26DBF5}
		{B2665903-F1B8-4352-86D0-12999504FF3A} = {77A114BD-2BB1-4ABB-BF03-3DA2ED26DBF5}
		{F28F944B-6B7D-440E-A9E1-665C999D395E} = {105C0594-D218-4F4B-8CA7-28C36D32251A}
		{E6188CEB-7347-4DEA-A15F-F1375A9159E4} = {77A114BD-2BB1-4ABB-BF03-3DA2ED26DBF5}
		{EA65AF12-6207-4D05-81DC-3260F17A9905} = {FE3472E6-3F50-49A7-BB60-AA9604BDA372}
		{9A72D386-1A24-416F-BF0F-630C636323C0} = {87D1CE10-9D69-48FB-A8A0-A78AB3D42936}
		{96F52A08-7B50-41BB-A042-0FBD73767A4B} = {9A72D386-1A24-416F-BF0F-630C636323C0}
		{7FC27496-63FA-466A-9208-E9C84CA115B1} = {9A72D386-1A24-416F-BF0F-630C636323C0}
		{4C339F5A-3AF6-4014-8B67-71738CBBF855} = {FE3472E6-3F50-49A7-BB60-AA9604BDA372}
	EndGlobalSection
	GlobalSection(ProjectConfigurationPlatforms) = postSolution
		{D2E78836-78A8-42C0-BE6C-E2E399C492F6}.Debug|Any CPU.ActiveCfg = Debug|Any CPU
		{D2E78836-78A8-42C0-BE6C-E2E399C492F6}.Debug|Any CPU.Build.0 = Debug|Any CPU
		{D2E78836-78A8-42C0-BE6C-E2E399C492F6}.Release|Any CPU.ActiveCfg = Release|Any CPU
		{D2E78836-78A8-42C0-BE6C-E2E399C492F6}.Release|Any CPU.Build.0 = Release|Any CPU
		{8890C29A-5976-4AF4-99E6-452779B77C4E}.Debug|Any CPU.ActiveCfg = Debug|Any CPU
		{8890C29A-5976-4AF4-99E6-452779B77C4E}.Debug|Any CPU.Build.0 = Debug|Any CPU
		{8890C29A-5976-4AF4-99E6-452779B77C4E}.Release|Any CPU.ActiveCfg = Release|Any CPU
		{8890C29A-5976-4AF4-99E6-452779B77C4E}.Release|Any CPU.Build.0 = Release|Any CPU
		{A7DFC084-180D-4A2B-ABB4-62A9783C7ACC}.Debug|Any CPU.ActiveCfg = Debug|Any CPU
		{A7DFC084-180D-4A2B-ABB4-62A9783C7ACC}.Debug|Any CPU.Build.0 = Debug|Any CPU
		{A7DFC084-180D-4A2B-ABB4-62A9783C7ACC}.Release|Any CPU.ActiveCfg = Release|Any CPU
		{A7DFC084-180D-4A2B-ABB4-62A9783C7ACC}.Release|Any CPU.Build.0 = Release|Any CPU
		{6DFCEFB3-B375-45FA-A318-E8E055BA4A59}.Debug|Any CPU.ActiveCfg = Debug|Any CPU
		{6DFCEFB3-B375-45FA-A318-E8E055BA4A59}.Debug|Any CPU.Build.0 = Debug|Any CPU
		{6DFCEFB3-B375-45FA-A318-E8E055BA4A59}.Release|Any CPU.ActiveCfg = Release|Any CPU
		{6DFCEFB3-B375-45FA-A318-E8E055BA4A59}.Release|Any CPU.Build.0 = Release|Any CPU
		{4BA1097B-8E10-4A90-9E10-AA624EDCF522}.Debug|Any CPU.ActiveCfg = Debug|Any CPU
		{4BA1097B-8E10-4A90-9E10-AA624EDCF522}.Debug|Any CPU.Build.0 = Debug|Any CPU
		{4BA1097B-8E10-4A90-9E10-AA624EDCF522}.Release|Any CPU.ActiveCfg = Release|Any CPU
		{4BA1097B-8E10-4A90-9E10-AA624EDCF522}.Release|Any CPU.Build.0 = Release|Any CPU
		{B2665903-F1B8-4352-86D0-12999504FF3A}.Debug|Any CPU.ActiveCfg = Debug|Any CPU
		{B2665903-F1B8-4352-86D0-12999504FF3A}.Debug|Any CPU.Build.0 = Debug|Any CPU
		{B2665903-F1B8-4352-86D0-12999504FF3A}.Release|Any CPU.ActiveCfg = Release|Any CPU
		{B2665903-F1B8-4352-86D0-12999504FF3A}.Release|Any CPU.Build.0 = Release|Any CPU
		{F28F944B-6B7D-440E-A9E1-665C999D395E}.Debug|Any CPU.ActiveCfg = Debug|Any CPU
		{F28F944B-6B7D-440E-A9E1-665C999D395E}.Debug|Any CPU.Build.0 = Debug|Any CPU
		{F28F944B-6B7D-440E-A9E1-665C999D395E}.Release|Any CPU.ActiveCfg = Release|Any CPU
		{F28F944B-6B7D-440E-A9E1-665C999D395E}.Release|Any CPU.Build.0 = Release|Any CPU
		{E6188CEB-7347-4DEA-A15F-F1375A9159E4}.Debug|Any CPU.ActiveCfg = Debug|Any CPU
		{E6188CEB-7347-4DEA-A15F-F1375A9159E4}.Debug|Any CPU.Build.0 = Debug|Any CPU
		{E6188CEB-7347-4DEA-A15F-F1375A9159E4}.Release|Any CPU.ActiveCfg = Release|Any CPU
		{E6188CEB-7347-4DEA-A15F-F1375A9159E4}.Release|Any CPU.Build.0 = Release|Any CPU
		{96F52A08-7B50-41BB-A042-0FBD73767A4B}.Debug|Any CPU.ActiveCfg = Debug|Any CPU
		{96F52A08-7B50-41BB-A042-0FBD73767A4B}.Debug|Any CPU.Build.0 = Debug|Any CPU
		{96F52A08-7B50-41BB-A042-0FBD73767A4B}.Release|Any CPU.ActiveCfg = Release|Any CPU
		{96F52A08-7B50-41BB-A042-0FBD73767A4B}.Release|Any CPU.Build.0 = Release|Any CPU
		{EA65AF12-6207-4D05-81DC-3260F17A9905}.Debug|Any CPU.ActiveCfg = Debug|Any CPU
		{EA65AF12-6207-4D05-81DC-3260F17A9905}.Debug|Any CPU.Build.0 = Debug|Any CPU
		{EA65AF12-6207-4D05-81DC-3260F17A9905}.Release|Any CPU.ActiveCfg = Release|Any CPU
		{EA65AF12-6207-4D05-81DC-3260F17A9905}.Release|Any CPU.Build.0 = Release|Any CPU
		{7FC27496-63FA-466A-9208-E9C84CA115B1}.Debug|Any CPU.ActiveCfg = Debug|Any CPU
		{7FC27496-63FA-466A-9208-E9C84CA115B1}.Debug|Any CPU.Build.0 = Debug|Any CPU
		{7FC27496-63FA-466A-9208-E9C84CA115B1}.Release|Any CPU.ActiveCfg = Release|Any CPU
		{7FC27496-63FA-466A-9208-E9C84CA115B1}.Release|Any CPU.Build.0 = Release|Any CPU
		{4C339F5A-3AF6-4014-8B67-71738CBBF855}.Debug|Any CPU.ActiveCfg = Debug|Any CPU
		{4C339F5A-3AF6-4014-8B67-71738CBBF855}.Debug|Any CPU.Build.0 = Debug|Any CPU
		{4C339F5A-3AF6-4014-8B67-71738CBBF855}.Release|Any CPU.ActiveCfg = Release|Any CPU
		{4C339F5A-3AF6-4014-8B67-71738CBBF855}.Release|Any CPU.Build.0 = Release|Any CPU
	EndGlobalSection
EndGlobal
