
Microsoft Visual Studio Solution File, Format Version 12.00
Project("{2150E333-8FDC-42A3-9474-1A3956D46DE8}") = "src", "src", "{FB6154EA-36F7-4E4C-8171-AD4168A194D6}"
EndProject
Project("{2150E333-8FDC-42A3-9474-1A3956D46DE8}") = "tests", "tests", "{428F86B0-0D93-44A9-8378-9C2DE3B8BB81}"
EndProject
Project("{2150E333-8FDC-42A3-9474-1A3956D46DE8}") = "1 - presentation", "1 - presentation", "{DBD7EB79-583F-4206-9FDA-4A954A69F02F}"
EndProject
Project("{2150E333-8FDC-42A3-9474-1A3956D46DE8}") = "2 - application", "2 - application", "{B5EB1EC6-E88D-4D5B-87CF-8EB3E43B59C2}"
EndProject
Project("{2150E333-8FDC-42A3-9474-1A3956D46DE8}") = "3 - infrastructure", "3 - infrastructure", "{5FE57A23-5718-4A45-972E-CDE0D32738D9}"
EndProject
Project("{2150E333-8FDC-42A3-9474-1A3956D46DE8}") = "core", "core", "{3D3989B0-5F59-4F43-9EF0-D302373661FE}"
EndProject
Project("{FAE04EC0-301F-11D3-BF4B-00C04F79EFBC}") = "lib-domain-project-entities", "..\lib-domain-all\lib-domain-project-entities\src\lib-domain-project-entities.csproj", "{15E665AA-42EF-485D-8AFB-D94218B205C8}"
EndProject
Project("{2150E333-8FDC-42A3-9474-1A3956D46DE8}") = "shared", "shared", "{B25E4C6E-AC06-411C-B20F-985198CD2756}"
EndProject
Project("{FAE04EC0-301F-11D3-BF4B-00C04F79EFBC}") = "lib-fw-domain-essentials", "..\lib-fw-all\lib-fw-domain-essentials\src\lib-fw-domain-essentials.csproj", "{CB1B13B3-F81F-48FE-AD3E-FA132487F812}"
EndProject
Project("{FAE04EC0-301F-11D3-BF4B-00C04F79EFBC}") = "lib-fw-app-essentials", "..\lib-fw-all\lib-fw-app-essentials\src\lib-fw-app-essentials.csproj", "{8A891D8E-388F-44A0-87BE-162B3C537185}"
EndProject
Project("{FAE04EC0-301F-11D3-BF4B-00C04F79EFBC}") = "lib-fw-api-essentials", "..\lib-fw-all\lib-fw-api-essentials\src\lib-fw-api-essentials.csproj", "{07317148-2C2D-4379-B8CB-7CEBDF3595F1}"
EndProject
Project("{FAE04EC0-301F-11D3-BF4B-00C04F79EFBC}") = "svc-mut-projects-domain", "src\svc-mut-projects-domain\svc-mut-projects-domain.csproj", "{49BCD33A-A3C5-4B24-99B2-3F2BD8952B12}"
EndProject
Project("{FAE04EC0-301F-11D3-BF4B-00C04F79EFBC}") = "svc-mut-projects-application", "src\svc-mut-projects-application\svc-mut-projects-application.csproj", "{D9DE2A98-8CF5-4698-86FF-259FBD7D8DE7}"
EndProject
Project("{FAE04EC0-301F-11D3-BF4B-00C04F79EFBC}") = "svc-mut-projects-infrastructure", "src\svc-mut-projects-infrastructure\svc-mut-projects-infrastructure.csproj", "{B51E9678-B155-4EE7-A8D5-EE5C4EBB6918}"
EndProject
Project("{FAE04EC0-301F-11D3-BF4B-00C04F79EFBC}") = "lib-fw-infrastructure-essentials", "..\lib-fw-all\lib-fw-infrastructure-essentials\src\lib-fw-infrastructure-essentials.csproj", "{0E1D34DF-0060-49EA-B827-E87909695800}"
EndProject
Project("{FAE04EC0-301F-11D3-BF4B-00C04F79EFBC}") = "svc-mut-projects-apis", "svc-mut-projects-apis\svc-mut-projects-apis.csproj", "{4D673E2F-09C8-4624-93A1-359F30ECDBBC}"
EndProject
Project("{FAE04EC0-301F-11D3-BF4B-00C04F79EFBC}") = "lib-fw-modulez", "..\lib-fw-all\lib-fw-modulez\src\lib-fw-modulez.csproj", "{F3D1AB89-B1EF-4187-B3B1-5B0D1015F9A4}"
EndProject
Project("{FAE04EC0-301F-11D3-BF4B-00C04F79EFBC}") = "svc-mut-projects-host", "svc-mut-projects-host\svc-mut-projects-host.csproj", "{EAD04CAA-7817-41A0-B2D8-D711C4F030B3}"
EndProject
Global
	GlobalSection(SolutionConfigurationPlatforms) = preSolution
		Debug|Any CPU = Debug|Any CPU
		Release|Any CPU = Release|Any CPU
	EndGlobalSection
	GlobalSection(NestedProjects) = preSolution
		{DBD7EB79-583F-4206-9FDA-4A954A69F02F} = {FB6154EA-36F7-4E4C-8171-AD4168A194D6}
		{B5EB1EC6-E88D-4D5B-87CF-8EB3E43B59C2} = {FB6154EA-36F7-4E4C-8171-AD4168A194D6}
		{5FE57A23-5718-4A45-972E-CDE0D32738D9} = {FB6154EA-36F7-4E4C-8171-AD4168A194D6}
		{3D3989B0-5F59-4F43-9EF0-D302373661FE} = {FB6154EA-36F7-4E4C-8171-AD4168A194D6}
		{15E665AA-42EF-485D-8AFB-D94218B205C8} = {3D3989B0-5F59-4F43-9EF0-D302373661FE}
		{B25E4C6E-AC06-411C-B20F-985198CD2756} = {FB6154EA-36F7-4E4C-8171-AD4168A194D6}
		{CB1B13B3-F81F-48FE-AD3E-FA132487F812} = {B25E4C6E-AC06-411C-B20F-985198CD2756}
		{8A891D8E-388F-44A0-87BE-162B3C537185} = {B25E4C6E-AC06-411C-B20F-985198CD2756}
		{07317148-2C2D-4379-B8CB-7CEBDF3595F1} = {B25E4C6E-AC06-411C-B20F-985198CD2756}
		{49BCD33A-A3C5-4B24-99B2-3F2BD8952B12} = {3D3989B0-5F59-4F43-9EF0-D302373661FE}
		{D9DE2A98-8CF5-4698-86FF-259FBD7D8DE7} = {B5EB1EC6-E88D-4D5B-87CF-8EB3E43B59C2}
		{B51E9678-B155-4EE7-A8D5-EE5C4EBB6918} = {5FE57A23-5718-4A45-972E-CDE0D32738D9}
		{0E1D34DF-0060-49EA-B827-E87909695800} = {B25E4C6E-AC06-411C-B20F-985198CD2756}
		{4D673E2F-09C8-4624-93A1-359F30ECDBBC} = {DBD7EB79-583F-4206-9FDA-4A954A69F02F}
		{F3D1AB89-B1EF-4187-B3B1-5B0D1015F9A4} = {B25E4C6E-AC06-411C-B20F-985198CD2756}
		{EAD04CAA-7817-41A0-B2D8-D711C4F030B3} = {FB6154EA-36F7-4E4C-8171-AD4168A194D6}
	EndGlobalSection
	GlobalSection(ProjectConfigurationPlatforms) = postSolution
		{15E665AA-42EF-485D-8AFB-D94218B205C8}.Debug|Any CPU.ActiveCfg = Debug|Any CPU
		{15E665AA-42EF-485D-8AFB-D94218B205C8}.Debug|Any CPU.Build.0 = Debug|Any CPU
		{15E665AA-42EF-485D-8AFB-D94218B205C8}.Release|Any CPU.ActiveCfg = Release|Any CPU
		{15E665AA-42EF-485D-8AFB-D94218B205C8}.Release|Any CPU.Build.0 = Release|Any CPU
		{CB1B13B3-F81F-48FE-AD3E-FA132487F812}.Debug|Any CPU.ActiveCfg = Debug|Any CPU
		{CB1B13B3-F81F-48FE-AD3E-FA132487F812}.Debug|Any CPU.Build.0 = Debug|Any CPU
		{CB1B13B3-F81F-48FE-AD3E-FA132487F812}.Release|Any CPU.ActiveCfg = Release|Any CPU
		{CB1B13B3-F81F-48FE-AD3E-FA132487F812}.Release|Any CPU.Build.0 = Release|Any CPU
		{8A891D8E-388F-44A0-87BE-162B3C537185}.Debug|Any CPU.ActiveCfg = Debug|Any CPU
		{8A891D8E-388F-44A0-87BE-162B3C537185}.Debug|Any CPU.Build.0 = Debug|Any CPU
		{8A891D8E-388F-44A0-87BE-162B3C537185}.Release|Any CPU.ActiveCfg = Release|Any CPU
		{8A891D8E-388F-44A0-87BE-162B3C537185}.Release|Any CPU.Build.0 = Release|Any CPU
		{07317148-2C2D-4379-B8CB-7CEBDF3595F1}.Debug|Any CPU.ActiveCfg = Debug|Any CPU
		{07317148-2C2D-4379-B8CB-7CEBDF3595F1}.Debug|Any CPU.Build.0 = Debug|Any CPU
		{07317148-2C2D-4379-B8CB-7CEBDF3595F1}.Release|Any CPU.ActiveCfg = Release|Any CPU
		{07317148-2C2D-4379-B8CB-7CEBDF3595F1}.Release|Any CPU.Build.0 = Release|Any CPU
		{49BCD33A-A3C5-4B24-99B2-3F2BD8952B12}.Debug|Any CPU.ActiveCfg = Debug|Any CPU
		{49BCD33A-A3C5-4B24-99B2-3F2BD8952B12}.Debug|Any CPU.Build.0 = Debug|Any CPU
		{49BCD33A-A3C5-4B24-99B2-3F2BD8952B12}.Release|Any CPU.ActiveCfg = Release|Any CPU
		{49BCD33A-A3C5-4B24-99B2-3F2BD8952B12}.Release|Any CPU.Build.0 = Release|Any CPU
		{D9DE2A98-8CF5-4698-86FF-259FBD7D8DE7}.Debug|Any CPU.ActiveCfg = Debug|Any CPU
		{D9DE2A98-8CF5-4698-86FF-259FBD7D8DE7}.Debug|Any CPU.Build.0 = Debug|Any CPU
		{D9DE2A98-8CF5-4698-86FF-259FBD7D8DE7}.Release|Any CPU.ActiveCfg = Release|Any CPU
		{D9DE2A98-8CF5-4698-86FF-259FBD7D8DE7}.Release|Any CPU.Build.0 = Release|Any CPU
		{B51E9678-B155-4EE7-A8D5-EE5C4EBB6918}.Debug|Any CPU.ActiveCfg = Debug|Any CPU
		{B51E9678-B155-4EE7-A8D5-EE5C4EBB6918}.Debug|Any CPU.Build.0 = Debug|Any CPU
		{B51E9678-B155-4EE7-A8D5-EE5C4EBB6918}.Release|Any CPU.ActiveCfg = Release|Any CPU
		{B51E9678-B155-4EE7-A8D5-EE5C4EBB6918}.Release|Any CPU.Build.0 = Release|Any CPU
		{0E1D34DF-0060-49EA-B827-E87909695800}.Debug|Any CPU.ActiveCfg = Debug|Any CPU
		{0E1D34DF-0060-49EA-B827-E87909695800}.Debug|Any CPU.Build.0 = Debug|Any CPU
		{0E1D34DF-0060-49EA-B827-E87909695800}.Release|Any CPU.ActiveCfg = Release|Any CPU
		{0E1D34DF-0060-49EA-B827-E87909695800}.Release|Any CPU.Build.0 = Release|Any CPU
		{4D673E2F-09C8-4624-93A1-359F30ECDBBC}.Debug|Any CPU.ActiveCfg = Debug|Any CPU
		{4D673E2F-09C8-4624-93A1-359F30ECDBBC}.Debug|Any CPU.Build.0 = Debug|Any CPU
		{4D673E2F-09C8-4624-93A1-359F30ECDBBC}.Release|Any CPU.ActiveCfg = Release|Any CPU
		{4D673E2F-09C8-4624-93A1-359F30ECDBBC}.Release|Any CPU.Build.0 = Release|Any CPU
		{F3D1AB89-B1EF-4187-B3B1-5B0D1015F9A4}.Debug|Any CPU.ActiveCfg = Debug|Any CPU
		{F3D1AB89-B1EF-4187-B3B1-5B0D1015F9A4}.Debug|Any CPU.Build.0 = Debug|Any CPU
		{F3D1AB89-B1EF-4187-B3B1-5B0D1015F9A4}.Release|Any CPU.ActiveCfg = Release|Any CPU
		{F3D1AB89-B1EF-4187-B3B1-5B0D1015F9A4}.Release|Any CPU.Build.0 = Release|Any CPU
		{EAD04CAA-7817-41A0-B2D8-D711C4F030B3}.Debug|Any CPU.ActiveCfg = Debug|Any CPU
		{EAD04CAA-7817-41A0-B2D8-D711C4F030B3}.Debug|Any CPU.Build.0 = Debug|Any CPU
		{EAD04CAA-7817-41A0-B2D8-D711C4F030B3}.Release|Any CPU.ActiveCfg = Release|Any CPU
		{EAD04CAA-7817-41A0-B2D8-D711C4F030B3}.Release|Any CPU.Build.0 = Release|Any CPU
	EndGlobalSection
EndGlobal
